
Microsoft Visual Studio Solution File, Format Version 12.00
# Visual Studio Version 17
VisualStudioVersion = 17.10.35122.118
MinimumVisualStudioVersion = 10.0.40219.1
Project("{FAE04EC0-301F-11D3-BF4B-00C04F79EFBC}") = "contact-manager", "contact-manager\contact-manager.csproj", "{C632AB5F-FC49-447B-81C6-C699DDDE1C92}"
EndProject
Global
	GlobalSection(SolutionConfigurationPlatforms) = preSolution
		Debug|Any CPU = Debug|Any CPU
		Release|Any CPU = Release|Any CPU
	EndGlobalSection
	GlobalSection(ProjectConfigurationPlatforms) = postSolution
		{C632AB5F-FC49-447B-81C6-C699DDDE1C92}.Debug|Any CPU.ActiveCfg = Debug|Any CPU
		{C632AB5F-FC49-447B-81C6-C699DDDE1C92}.Debug|Any CPU.Build.0 = Debug|Any CPU
		{C632AB5F-FC49-447B-81C6-C699DDDE1C92}.Release|Any CPU.ActiveCfg = Release|Any CPU
		{C632AB5F-FC49-447B-81C6-C699DDDE1C92}.Release|Any CPU.Build.0 = Release|Any CPU
	EndGlobalSection
	GlobalSection(SolutionProperties) = preSolution
		HideSolutionNode = FALSE
	EndGlobalSection
	GlobalSection(ExtensibilityGlobals) = postSolution
		SolutionGuid = {25D22C4D-EBB8-48A1-97FF-E3CBF1F6522B}
	EndGlobalSection
EndGlobal
